// !$*UTF8*$!
{
	archiveVersion = 1;
	classes = {
	};
	objectVersion = 50;
	objects = {

/* Begin PBXBuildFile section */
		E10E2DB1253B9D4100906061 /* RootViewController.swift in Sources */ = {isa = PBXBuildFile; fileRef = E10E2DB0253B9D4100906061 /* RootViewController.swift */; };
		E10E2DB3253BA69E00906061 /* ArticleViewController.swift in Sources */ = {isa = PBXBuildFile; fileRef = E10E2DB2253BA69E00906061 /* ArticleViewController.swift */; };
		E10E2DB5253BA6A700906061 /* ArticleRow.swift in Sources */ = {isa = PBXBuildFile; fileRef = E10E2DB4253BA6A700906061 /* ArticleRow.swift */; };
		E10E2DB7253BA6B200906061 /* ArticleImageCell.swift in Sources */ = {isa = PBXBuildFile; fileRef = E10E2DB6253BA6B200906061 /* ArticleImageCell.swift */; };
		E10E2DB9253BA6C000906061 /* ArticleTitleCell.swift in Sources */ = {isa = PBXBuildFile; fileRef = E10E2DB8253BA6C000906061 /* ArticleTitleCell.swift */; };
		E10E2DBB253BA6CC00906061 /* ArticleTextCell.swift in Sources */ = {isa = PBXBuildFile; fileRef = E10E2DBA253BA6CC00906061 /* ArticleTextCell.swift */; };
		E10E2DBE253BB51E00906061 /* MapViewController.swift in Sources */ = {isa = PBXBuildFile; fileRef = E10E2DBD253BB51E00906061 /* MapViewController.swift */; };
		E10E2DC1253BCB3D00906061 /* CardViewController.swift in Sources */ = {isa = PBXBuildFile; fileRef = E10E2DC0253BCB3D00906061 /* CardViewController.swift */; };
		E10E2DC3253BCB8400906061 /* CardRow.swift in Sources */ = {isa = PBXBuildFile; fileRef = E10E2DC2253BCB8400906061 /* CardRow.swift */; };
		E10E2DC5253BCC6C00906061 /* CardCell.swift in Sources */ = {isa = PBXBuildFile; fileRef = E10E2DC4253BCC6C00906061 /* CardCell.swift */; };
		E10E2DC7253BCCEE00906061 /* CardBalanceCell.swift in Sources */ = {isa = PBXBuildFile; fileRef = E10E2DC6253BCCEE00906061 /* CardBalanceCell.swift */; };
		E10E2DCA253BCEF400906061 /* TransactionCell.swift in Sources */ = {isa = PBXBuildFile; fileRef = E10E2DC9253BCEF400906061 /* TransactionCell.swift */; };
		E10E2DCD253BD35100906061 /* CoursesViewController.swift in Sources */ = {isa = PBXBuildFile; fileRef = E10E2DCC253BD35100906061 /* CoursesViewController.swift */; };
		E10E2DCF253BD43100906061 /* CoursesRow.swift in Sources */ = {isa = PBXBuildFile; fileRef = E10E2DCE253BD43100906061 /* CoursesRow.swift */; };
		E10E2DD1253BD46300906061 /* CourseCell.swift in Sources */ = {isa = PBXBuildFile; fileRef = E10E2DD0253BD46300906061 /* CourseCell.swift */; };
		E10E2DD4253BD65C00906061 /* ProfileViewController.swift in Sources */ = {isa = PBXBuildFile; fileRef = E10E2DD3253BD65C00906061 /* ProfileViewController.swift */; };
		E1194654253B87A500F7FF0A /* HomeViewController.swift in Sources */ = {isa = PBXBuildFile; fileRef = E1194653253B87A500F7FF0A /* HomeViewController.swift */; };
		E1194657253B883A00F7FF0A /* HomeRow.swift in Sources */ = {isa = PBXBuildFile; fileRef = E1194656253B883A00F7FF0A /* HomeRow.swift */; };
		E1194659253B89AD00F7FF0A /* HomeNewsCell.swift in Sources */ = {isa = PBXBuildFile; fileRef = E1194658253B89AD00F7FF0A /* HomeNewsCell.swift */; };
		E119465B253B8E1A00F7FF0A /* HomeWeatherCell.swift in Sources */ = {isa = PBXBuildFile; fileRef = E119465A253B8E1A00F7FF0A /* HomeWeatherCell.swift */; };
		E119465E253B93CF00F7FF0A /* HomeItemCell.swift in Sources */ = {isa = PBXBuildFile; fileRef = E119465D253B93CF00F7FF0A /* HomeItemCell.swift */; };
		E1194660253B975C00F7FF0A /* CampusTabbar.swift in Sources */ = {isa = PBXBuildFile; fileRef = E119465F253B975C00F7FF0A /* CampusTabbar.swift */; };
		E18E64C4253AB6200069B4E7 /* AppDelegate.swift in Sources */ = {isa = PBXBuildFile; fileRef = E18E64C3253AB6200069B4E7 /* AppDelegate.swift */; };
		E18E64C6253AB6200069B4E7 /* SceneDelegate.swift in Sources */ = {isa = PBXBuildFile; fileRef = E18E64C5253AB6200069B4E7 /* SceneDelegate.swift */; };
		E18E64CD253AB6200069B4E7 /* Assets.xcassets in Resources */ = {isa = PBXBuildFile; fileRef = E18E64CC253AB6200069B4E7 /* Assets.xcassets */; };
		E18E64D0253AB6200069B4E7 /* LaunchScreen.storyboard in Resources */ = {isa = PBXBuildFile; fileRef = E18E64CE253AB6200069B4E7 /* LaunchScreen.storyboard */; };
		E18E64E2253AB63C0069B4E7 /* SharedPips.framework in Frameworks */ = {isa = PBXBuildFile; fileRef = E18E64DD253AB6330069B4E7 /* SharedPips.framework */; };
		E18E64E3253AB63C0069B4E7 /* SharedPips.framework in Embed Frameworks */ = {isa = PBXBuildFile; fileRef = E18E64DD253AB6330069B4E7 /* SharedPips.framework */; settings = {ATTRIBUTES = (CodeSignOnCopy, RemoveHeadersOnCopy, ); }; };
/* End PBXBuildFile section */

/* Begin PBXContainerItemProxy section */
		E18E64DC253AB6330069B4E7 /* PBXContainerItemProxy */ = {
			isa = PBXContainerItemProxy;
			containerPortal = E18E64D8253AB6330069B4E7 /* SharedPips.xcodeproj */;
			proxyType = 2;
			remoteGlobalIDString = 5F30A39B2081362C00C5566D;
			remoteInfo = SharedPips;
		};
/* End PBXContainerItemProxy section */

/* Begin PBXCopyFilesBuildPhase section */
		E18E64E4253AB63C0069B4E7 /* Embed Frameworks */ = {
			isa = PBXCopyFilesBuildPhase;
			buildActionMask = 2147483647;
			dstPath = "";
			dstSubfolderSpec = 10;
			files = (
				E18E64E3253AB63C0069B4E7 /* SharedPips.framework in Embed Frameworks */,
			);
			name = "Embed Frameworks";
			runOnlyForDeploymentPostprocessing = 0;
		};
/* End PBXCopyFilesBuildPhase section */

/* Begin PBXFileReference section */
		E10E2DB0253B9D4100906061 /* RootViewController.swift */ = {isa = PBXFileReference; lastKnownFileType = sourcecode.swift; path = RootViewController.swift; sourceTree = "<group>"; };
		E10E2DB2253BA69E00906061 /* ArticleViewController.swift */ = {isa = PBXFileReference; lastKnownFileType = sourcecode.swift; path = ArticleViewController.swift; sourceTree = "<group>"; };
		E10E2DB4253BA6A700906061 /* ArticleRow.swift */ = {isa = PBXFileReference; lastKnownFileType = sourcecode.swift; path = ArticleRow.swift; sourceTree = "<group>"; };
		E10E2DB6253BA6B200906061 /* ArticleImageCell.swift */ = {isa = PBXFileReference; lastKnownFileType = sourcecode.swift; path = ArticleImageCell.swift; sourceTree = "<group>"; };
		E10E2DB8253BA6C000906061 /* ArticleTitleCell.swift */ = {isa = PBXFileReference; lastKnownFileType = sourcecode.swift; path = ArticleTitleCell.swift; sourceTree = "<group>"; };
		E10E2DBA253BA6CC00906061 /* ArticleTextCell.swift */ = {isa = PBXFileReference; lastKnownFileType = sourcecode.swift; path = ArticleTextCell.swift; sourceTree = "<group>"; };
		E10E2DBD253BB51E00906061 /* MapViewController.swift */ = {isa = PBXFileReference; lastKnownFileType = sourcecode.swift; path = MapViewController.swift; sourceTree = "<group>"; };
		E10E2DC0253BCB3D00906061 /* CardViewController.swift */ = {isa = PBXFileReference; lastKnownFileType = sourcecode.swift; path = CardViewController.swift; sourceTree = "<group>"; };
		E10E2DC2253BCB8400906061 /* CardRow.swift */ = {isa = PBXFileReference; lastKnownFileType = sourcecode.swift; path = CardRow.swift; sourceTree = "<group>"; };
		E10E2DC4253BCC6C00906061 /* CardCell.swift */ = {isa = PBXFileReference; lastKnownFileType = sourcecode.swift; path = CardCell.swift; sourceTree = "<group>"; };
		E10E2DC6253BCCEE00906061 /* CardBalanceCell.swift */ = {isa = PBXFileReference; lastKnownFileType = sourcecode.swift; path = CardBalanceCell.swift; sourceTree = "<group>"; };
		E10E2DC9253BCEF400906061 /* TransactionCell.swift */ = {isa = PBXFileReference; lastKnownFileType = sourcecode.swift; path = TransactionCell.swift; sourceTree = "<group>"; };
		E10E2DCC253BD35100906061 /* CoursesViewController.swift */ = {isa = PBXFileReference; lastKnownFileType = sourcecode.swift; path = CoursesViewController.swift; sourceTree = "<group>"; };
		E10E2DCE253BD43100906061 /* CoursesRow.swift */ = {isa = PBXFileReference; lastKnownFileType = sourcecode.swift; path = CoursesRow.swift; sourceTree = "<group>"; };
		E10E2DD0253BD46300906061 /* CourseCell.swift */ = {isa = PBXFileReference; lastKnownFileType = sourcecode.swift; path = CourseCell.swift; sourceTree = "<group>"; };
		E10E2DD3253BD65C00906061 /* ProfileViewController.swift */ = {isa = PBXFileReference; lastKnownFileType = sourcecode.swift; path = ProfileViewController.swift; sourceTree = "<group>"; };
		E1194653253B87A500F7FF0A /* HomeViewController.swift */ = {isa = PBXFileReference; lastKnownFileType = sourcecode.swift; path = HomeViewController.swift; sourceTree = "<group>"; };
		E1194656253B883A00F7FF0A /* HomeRow.swift */ = {isa = PBXFileReference; lastKnownFileType = sourcecode.swift; path = HomeRow.swift; sourceTree = "<group>"; };
		E1194658253B89AD00F7FF0A /* HomeNewsCell.swift */ = {isa = PBXFileReference; lastKnownFileType = sourcecode.swift; path = HomeNewsCell.swift; sourceTree = "<group>"; };
		E119465A253B8E1A00F7FF0A /* HomeWeatherCell.swift */ = {isa = PBXFileReference; lastKnownFileType = sourcecode.swift; path = HomeWeatherCell.swift; sourceTree = "<group>"; };
		E119465D253B93CF00F7FF0A /* HomeItemCell.swift */ = {isa = PBXFileReference; lastKnownFileType = sourcecode.swift; path = HomeItemCell.swift; sourceTree = "<group>"; };
		E119465F253B975C00F7FF0A /* CampusTabbar.swift */ = {isa = PBXFileReference; lastKnownFileType = sourcecode.swift; path = CampusTabbar.swift; sourceTree = "<group>"; };
		E18E64C0253AB6200069B4E7 /* Campus.app */ = {isa = PBXFileReference; explicitFileType = wrapper.application; includeInIndex = 0; path = Campus.app; sourceTree = BUILT_PRODUCTS_DIR; };
		E18E64C3253AB6200069B4E7 /* AppDelegate.swift */ = {isa = PBXFileReference; lastKnownFileType = sourcecode.swift; path = AppDelegate.swift; sourceTree = "<group>"; };
		E18E64C5253AB6200069B4E7 /* SceneDelegate.swift */ = {isa = PBXFileReference; lastKnownFileType = sourcecode.swift; path = SceneDelegate.swift; sourceTree = "<group>"; };
		E18E64CC253AB6200069B4E7 /* Assets.xcassets */ = {isa = PBXFileReference; lastKnownFileType = folder.assetcatalog; path = Assets.xcassets; sourceTree = "<group>"; };
		E18E64CF253AB6200069B4E7 /* Base */ = {isa = PBXFileReference; lastKnownFileType = file.storyboard; name = Base; path = Base.lproj/LaunchScreen.storyboard; sourceTree = "<group>"; };
		E18E64D1253AB6200069B4E7 /* Info.plist */ = {isa = PBXFileReference; lastKnownFileType = text.plist.xml; path = Info.plist; sourceTree = "<group>"; };
		E18E64D8253AB6330069B4E7 /* SharedPips.xcodeproj */ = {isa = PBXFileReference; lastKnownFileType = "wrapper.pb-project"; name = SharedPips.xcodeproj; path = ../../SharedPips/SharedPips.xcodeproj; sourceTree = "<group>"; };
/* End PBXFileReference section */

/* Begin PBXFrameworksBuildPhase section */
		E18E64BD253AB6200069B4E7 /* Frameworks */ = {
			isa = PBXFrameworksBuildPhase;
			buildActionMask = 2147483647;
			files = (
				E18E64E2253AB63C0069B4E7 /* SharedPips.framework in Frameworks */,
			);
			runOnlyForDeploymentPostprocessing = 0;
		};
/* End PBXFrameworksBuildPhase section */

/* Begin PBXGroup section */
		E10E2DBC253BA7B000906061 /* ArticleViewController */ = {
			isa = PBXGroup;
			children = (
				E10E2DB2253BA69E00906061 /* ArticleViewController.swift */,
				E10E2DB4253BA6A700906061 /* ArticleRow.swift */,
				E10E2DB6253BA6B200906061 /* ArticleImageCell.swift */,
				E10E2DB8253BA6C000906061 /* ArticleTitleCell.swift */,
				E10E2DBA253BA6CC00906061 /* ArticleTextCell.swift */,
			);
			path = ArticleViewController;
			sourceTree = "<group>";
		};
		E10E2DC8253BCE9800906061 /* CardViewController */ = {
			isa = PBXGroup;
			children = (
				E10E2DC0253BCB3D00906061 /* CardViewController.swift */,
				E10E2DC2253BCB8400906061 /* CardRow.swift */,
				E10E2DC4253BCC6C00906061 /* CardCell.swift */,
				E10E2DC9253BCEF400906061 /* TransactionCell.swift */,
				E10E2DC6253BCCEE00906061 /* CardBalanceCell.swift */,
			);
			path = CardViewController;
			sourceTree = "<group>";
		};
		E10E2DD2253BD5B400906061 /* CoursesViewController */ = {
			isa = PBXGroup;
			children = (
				E10E2DCC253BD35100906061 /* CoursesViewController.swift */,
				E10E2DCE253BD43100906061 /* CoursesRow.swift */,
				E10E2DD0253BD46300906061 /* CourseCell.swift */,
			);
			path = CoursesViewController;
			sourceTree = "<group>";
		};
		E119465C253B8E3200F7FF0A /* HomeViewController */ = {
			isa = PBXGroup;
			children = (
				E1194653253B87A500F7FF0A /* HomeViewController.swift */,
				E1194656253B883A00F7FF0A /* HomeRow.swift */,
				E119465A253B8E1A00F7FF0A /* HomeWeatherCell.swift */,
				E119465D253B93CF00F7FF0A /* HomeItemCell.swift */,
				E1194658253B89AD00F7FF0A /* HomeNewsCell.swift */,
			);
			path = HomeViewController;
			sourceTree = "<group>";
		};
		E18E64B7253AB6200069B4E7 = {
			isa = PBXGroup;
			children = (
				E18E64D8253AB6330069B4E7 /* SharedPips.xcodeproj */,
				E18E64C2253AB6200069B4E7 /* Campus */,
				E18E64C1253AB6200069B4E7 /* Products */,
				E18E64E1253AB63C0069B4E7 /* Frameworks */,
			);
			sourceTree = "<group>";
		};
		E18E64C1253AB6200069B4E7 /* Products */ = {
			isa = PBXGroup;
			children = (
				E18E64C0253AB6200069B4E7 /* Campus.app */,
			);
			name = Products;
			sourceTree = "<group>";
		};
		E18E64C2253AB6200069B4E7 /* Campus */ = {
			isa = PBXGroup;
			children = (
				E18E64C3253AB6200069B4E7 /* AppDelegate.swift */,
				E18E64C5253AB6200069B4E7 /* SceneDelegate.swift */,
				E119465F253B975C00F7FF0A /* CampusTabbar.swift */,
				E10E2DB0253B9D4100906061 /* RootViewController.swift */,
				E10E2DD3253BD65C00906061 /* ProfileViewController.swift */,
				E10E2DBD253BB51E00906061 /* MapViewController.swift */,
				E10E2DD2253BD5B400906061 /* CoursesViewController */,
				E10E2DC8253BCE9800906061 /* CardViewController */,
				E10E2DBC253BA7B000906061 /* ArticleViewController */,
				E119465C253B8E3200F7FF0A /* HomeViewController */,
				E18E64CC253AB6200069B4E7 /* Assets.xcassets */,
				E18E64CE253AB6200069B4E7 /* LaunchScreen.storyboard */,
				E18E64D1253AB6200069B4E7 /* Info.plist */,
			);
			path = Campus;
			sourceTree = "<group>";
		};
		E18E64D9253AB6330069B4E7 /* Products */ = {
			isa = PBXGroup;
			children = (
				E18E64DD253AB6330069B4E7 /* SharedPips.framework */,
			);
			name = Products;
			sourceTree = "<group>";
		};
		E18E64E1253AB63C0069B4E7 /* Frameworks */ = {
			isa = PBXGroup;
			children = (
			);
			name = Frameworks;
			sourceTree = "<group>";
		};
/* End PBXGroup section */

/* Begin PBXNativeTarget section */
		E18E64BF253AB6200069B4E7 /* Campus */ = {
			isa = PBXNativeTarget;
			buildConfigurationList = E18E64D4253AB6200069B4E7 /* Build configuration list for PBXNativeTarget "Campus" */;
			buildPhases = (
				E18E64BC253AB6200069B4E7 /* Sources */,
				E18E64BD253AB6200069B4E7 /* Frameworks */,
				E18E64BE253AB6200069B4E7 /* Resources */,
				E18E64E4253AB63C0069B4E7 /* Embed Frameworks */,
			);
			buildRules = (
			);
			dependencies = (
			);
			name = Campus;
			productName = Campus;
			productReference = E18E64C0253AB6200069B4E7 /* Campus.app */;
			productType = "com.apple.product-type.application";
		};
/* End PBXNativeTarget section */

/* Begin PBXProject section */
		E18E64B8253AB6200069B4E7 /* Project object */ = {
			isa = PBXProject;
			attributes = {
				LastSwiftUpdateCheck = 1200;
				LastUpgradeCheck = 1200;
				TargetAttributes = {
					E18E64BF253AB6200069B4E7 = {
						CreatedOnToolsVersion = 12.0.1;
					};
				};
			};
			buildConfigurationList = E18E64BB253AB6200069B4E7 /* Build configuration list for PBXProject "Campus" */;
			compatibilityVersion = "Xcode 9.3";
			developmentRegion = en;
			hasScannedForEncodings = 0;
			knownRegions = (
				en,
				Base,
			);
			mainGroup = E18E64B7253AB6200069B4E7;
			productRefGroup = E18E64C1253AB6200069B4E7 /* Products */;
			projectDirPath = "";
			projectReferences = (
				{
					ProductGroup = E18E64D9253AB6330069B4E7 /* Products */;
					ProjectRef = E18E64D8253AB6330069B4E7 /* SharedPips.xcodeproj */;
				},
			);
			projectRoot = "";
			targets = (
				E18E64BF253AB6200069B4E7 /* Campus */,
			);
		};
/* End PBXProject section */

/* Begin PBXReferenceProxy section */
		E18E64DD253AB6330069B4E7 /* SharedPips.framework */ = {
			isa = PBXReferenceProxy;
			fileType = wrapper.framework;
			path = SharedPips.framework;
			remoteRef = E18E64DC253AB6330069B4E7 /* PBXContainerItemProxy */;
			sourceTree = BUILT_PRODUCTS_DIR;
		};
/* End PBXReferenceProxy section */

/* Begin PBXResourcesBuildPhase section */
		E18E64BE253AB6200069B4E7 /* Resources */ = {
			isa = PBXResourcesBuildPhase;
			buildActionMask = 2147483647;
			files = (
				E18E64D0253AB6200069B4E7 /* LaunchScreen.storyboard in Resources */,
				E18E64CD253AB6200069B4E7 /* Assets.xcassets in Resources */,
			);
			runOnlyForDeploymentPostprocessing = 0;
		};
/* End PBXResourcesBuildPhase section */

/* Begin PBXSourcesBuildPhase section */
		E18E64BC253AB6200069B4E7 /* Sources */ = {
			isa = PBXSourcesBuildPhase;
			buildActionMask = 2147483647;
			files = (
				E10E2DB7253BA6B200906061 /* ArticleImageCell.swift in Sources */,
				E10E2DCF253BD43100906061 /* CoursesRow.swift in Sources */,
				E10E2DC3253BCB8400906061 /* CardRow.swift in Sources */,
				E10E2DB1253B9D4100906061 /* RootViewController.swift in Sources */,
				E18E64C4253AB6200069B4E7 /* AppDelegate.swift in Sources */,
				E18E64C6253AB6200069B4E7 /* SceneDelegate.swift in Sources */,
				E10E2DD4253BD65C00906061 /* ProfileViewController.swift in Sources */,
				E10E2DB9253BA6C000906061 /* ArticleTitleCell.swift in Sources */,
				E1194659253B89AD00F7FF0A /* HomeNewsCell.swift in Sources */,
				E10E2DB3253BA69E00906061 /* ArticleViewController.swift in Sources */,
				E10E2DCD253BD35100906061 /* CoursesViewController.swift in Sources */,
				E1194660253B975C00F7FF0A /* CampusTabbar.swift in Sources */,
				E1194657253B883A00F7FF0A /* HomeRow.swift in Sources */,
				E10E2DBB253BA6CC00906061 /* ArticleTextCell.swift in Sources */,
				E119465E253B93CF00F7FF0A /* HomeItemCell.swift in Sources */,
				E1194654253B87A500F7FF0A /* HomeViewController.swift in Sources */,
				E10E2DC1253BCB3D00906061 /* CardViewController.swift in Sources */,
				E10E2DD1253BD46300906061 /* CourseCell.swift in Sources */,
				E119465B253B8E1A00F7FF0A /* HomeWeatherCell.swift in Sources */,
				E10E2DB5253BA6A700906061 /* ArticleRow.swift in Sources */,
				E10E2DC7253BCCEE00906061 /* CardBalanceCell.swift in Sources */,
				E10E2DBE253BB51E00906061 /* MapViewController.swift in Sources */,
				E10E2DCA253BCEF400906061 /* TransactionCell.swift in Sources */,
				E10E2DC5253BCC6C00906061 /* CardCell.swift in Sources */,
			);
			runOnlyForDeploymentPostprocessing = 0;
		};
/* End PBXSourcesBuildPhase section */

/* Begin PBXVariantGroup section */
		E18E64CE253AB6200069B4E7 /* LaunchScreen.storyboard */ = {
			isa = PBXVariantGroup;
			children = (
				E18E64CF253AB6200069B4E7 /* Base */,
			);
			name = LaunchScreen.storyboard;
			sourceTree = "<group>";
		};
/* End PBXVariantGroup section */

/* Begin XCBuildConfiguration section */
		E18E64D2253AB6200069B4E7 /* Debug */ = {
			isa = XCBuildConfiguration;
			buildSettings = {
				ALWAYS_SEARCH_USER_PATHS = NO;
				CLANG_ANALYZER_NONNULL = YES;
				CLANG_ANALYZER_NUMBER_OBJECT_CONVERSION = YES_AGGRESSIVE;
				CLANG_CXX_LANGUAGE_STANDARD = "gnu++14";
				CLANG_CXX_LIBRARY = "libc++";
				CLANG_ENABLE_MODULES = YES;
				CLANG_ENABLE_OBJC_ARC = YES;
				CLANG_ENABLE_OBJC_WEAK = YES;
				CLANG_WARN_BLOCK_CAPTURE_AUTORELEASING = YES;
				CLANG_WARN_BOOL_CONVERSION = YES;
				CLANG_WARN_COMMA = YES;
				CLANG_WARN_CONSTANT_CONVERSION = YES;
				CLANG_WARN_DEPRECATED_OBJC_IMPLEMENTATIONS = YES;
				CLANG_WARN_DIRECT_OBJC_ISA_USAGE = YES_ERROR;
				CLANG_WARN_DOCUMENTATION_COMMENTS = YES;
				CLANG_WARN_EMPTY_BODY = YES;
				CLANG_WARN_ENUM_CONVERSION = YES;
				CLANG_WARN_INFINITE_RECURSION = YES;
				CLANG_WARN_INT_CONVERSION = YES;
				CLANG_WARN_NON_LITERAL_NULL_CONVERSION = YES;
				CLANG_WARN_OBJC_IMPLICIT_RETAIN_SELF = YES;
				CLANG_WARN_OBJC_LITERAL_CONVERSION = YES;
				CLANG_WARN_OBJC_ROOT_CLASS = YES_ERROR;
				CLANG_WARN_QUOTED_INCLUDE_IN_FRAMEWORK_HEADER = YES;
				CLANG_WARN_RANGE_LOOP_ANALYSIS = YES;
				CLANG_WARN_STRICT_PROTOTYPES = YES;
				CLANG_WARN_SUSPICIOUS_MOVE = YES;
				CLANG_WARN_UNGUARDED_AVAILABILITY = YES_AGGRESSIVE;
				CLANG_WARN_UNREACHABLE_CODE = YES;
				CLANG_WARN__DUPLICATE_METHOD_MATCH = YES;
				COPY_PHASE_STRIP = NO;
				DEBUG_INFORMATION_FORMAT = dwarf;
				ENABLE_STRICT_OBJC_MSGSEND = YES;
				ENABLE_TESTABILITY = YES;
				GCC_C_LANGUAGE_STANDARD = gnu11;
				GCC_DYNAMIC_NO_PIC = NO;
				GCC_NO_COMMON_BLOCKS = YES;
				GCC_OPTIMIZATION_LEVEL = 0;
				GCC_PREPROCESSOR_DEFINITIONS = (
					"DEBUG=1",
					"$(inherited)",
				);
				GCC_WARN_64_TO_32_BIT_CONVERSION = YES;
				GCC_WARN_ABOUT_RETURN_TYPE = YES_ERROR;
				GCC_WARN_UNDECLARED_SELECTOR = YES;
				GCC_WARN_UNINITIALIZED_AUTOS = YES_AGGRESSIVE;
				GCC_WARN_UNUSED_FUNCTION = YES;
				GCC_WARN_UNUSED_VARIABLE = YES;
				IPHONEOS_DEPLOYMENT_TARGET = 14.0;
				MTL_ENABLE_DEBUG_INFO = INCLUDE_SOURCE;
				MTL_FAST_MATH = YES;
				ONLY_ACTIVE_ARCH = YES;
				SDKROOT = iphoneos;
				SWIFT_ACTIVE_COMPILATION_CONDITIONS = DEBUG;
				SWIFT_OPTIMIZATION_LEVEL = "-Onone";
			};
			name = Debug;
		};
		E18E64D3253AB6200069B4E7 /* Release */ = {
			isa = XCBuildConfiguration;
			buildSettings = {
				ALWAYS_SEARCH_USER_PATHS = NO;
				CLANG_ANALYZER_NONNULL = YES;
				CLANG_ANALYZER_NUMBER_OBJECT_CONVERSION = YES_AGGRESSIVE;
				CLANG_CXX_LANGUAGE_STANDARD = "gnu++14";
				CLANG_CXX_LIBRARY = "libc++";
				CLANG_ENABLE_MODULES = YES;
				CLANG_ENABLE_OBJC_ARC = YES;
				CLANG_ENABLE_OBJC_WEAK = YES;
				CLANG_WARN_BLOCK_CAPTURE_AUTORELEASING = YES;
				CLANG_WARN_BOOL_CONVERSION = YES;
				CLANG_WARN_COMMA = YES;
				CLANG_WARN_CONSTANT_CONVERSION = YES;
				CLANG_WARN_DEPRECATED_OBJC_IMPLEMENTATIONS = YES;
				CLANG_WARN_DIRECT_OBJC_ISA_USAGE = YES_ERROR;
				CLANG_WARN_DOCUMENTATION_COMMENTS = YES;
				CLANG_WARN_EMPTY_BODY = YES;
				CLANG_WARN_ENUM_CONVERSION = YES;
				CLANG_WARN_INFINITE_RECURSION = YES;
				CLANG_WARN_INT_CONVERSION = YES;
				CLANG_WARN_NON_LITERAL_NULL_CONVERSION = YES;
				CLANG_WARN_OBJC_IMPLICIT_RETAIN_SELF = YES;
				CLANG_WARN_OBJC_LITERAL_CONVERSION = YES;
				CLANG_WARN_OBJC_ROOT_CLASS = YES_ERROR;
				CLANG_WARN_QUOTED_INCLUDE_IN_FRAMEWORK_HEADER = YES;
				CLANG_WARN_RANGE_LOOP_ANALYSIS = YES;
				CLANG_WARN_STRICT_PROTOTYPES = YES;
				CLANG_WARN_SUSPICIOUS_MOVE = YES;
				CLANG_WARN_UNGUARDED_AVAILABILITY = YES_AGGRESSIVE;
				CLANG_WARN_UNREACHABLE_CODE = YES;
				CLANG_WARN__DUPLICATE_METHOD_MATCH = YES;
				COPY_PHASE_STRIP = NO;
				DEBUG_INFORMATION_FORMAT = "dwarf-with-dsym";
				ENABLE_NS_ASSERTIONS = NO;
				ENABLE_STRICT_OBJC_MSGSEND = YES;
				GCC_C_LANGUAGE_STANDARD = gnu11;
				GCC_NO_COMMON_BLOCKS = YES;
				GCC_WARN_64_TO_32_BIT_CONVERSION = YES;
				GCC_WARN_ABOUT_RETURN_TYPE = YES_ERROR;
				GCC_WARN_UNDECLARED_SELECTOR = YES;
				GCC_WARN_UNINITIALIZED_AUTOS = YES_AGGRESSIVE;
				GCC_WARN_UNUSED_FUNCTION = YES;
				GCC_WARN_UNUSED_VARIABLE = YES;
				IPHONEOS_DEPLOYMENT_TARGET = 14.0;
				MTL_ENABLE_DEBUG_INFO = NO;
				MTL_FAST_MATH = YES;
				SDKROOT = iphoneos;
				SWIFT_COMPILATION_MODE = wholemodule;
				SWIFT_OPTIMIZATION_LEVEL = "-O";
				VALIDATE_PRODUCT = YES;
			};
			name = Release;
		};
		E18E64D5253AB6200069B4E7 /* Debug */ = {
			isa = XCBuildConfiguration;
			buildSettings = {
				ASSETCATALOG_COMPILER_APPICON_NAME = AppIcon;
				ASSETCATALOG_COMPILER_GLOBAL_ACCENT_COLOR_NAME = AccentColor;
				CODE_SIGN_STYLE = Automatic;
				DEVELOPMENT_TEAM = TY84JMYEFE;
				INFOPLIST_FILE = Campus/Info.plist;
				LD_RUNPATH_SEARCH_PATHS = (
					"$(inherited)",
					"@executable_path/Frameworks",
				);
				PRODUCT_BUNDLE_IDENTIFIER = pips.Campus;
				PRODUCT_NAME = "$(TARGET_NAME)";
				SWIFT_VERSION = 5.0;
				TARGETED_DEVICE_FAMILY = "1,2";
			};
			name = Debug;
		};
		E18E64D6253AB6200069B4E7 /* Release */ = {
			isa = XCBuildConfiguration;
			buildSettings = {
				ASSETCATALOG_COMPILER_APPICON_NAME = AppIcon;
				ASSETCATALOG_COMPILER_GLOBAL_ACCENT_COLOR_NAME = AccentColor;
				CODE_SIGN_STYLE = Automatic;
				DEVELOPMENT_TEAM = TY84JMYEFE;
				INFOPLIST_FILE = Campus/Info.plist;
				LD_RUNPATH_SEARCH_PATHS = (
					"$(inherited)",
					"@executable_path/Frameworks",
				);
				PRODUCT_BUNDLE_IDENTIFIER = pips.Campus;
				PRODUCT_NAME = "$(TARGET_NAME)";
				SWIFT_VERSION = 5.0;
				TARGETED_DEVICE_FAMILY = "1,2";
			};
			name = Release;
		};
/* End XCBuildConfiguration section */

/* Begin XCConfigurationList section */
		E18E64BB253AB6200069B4E7 /* Build configuration list for PBXProject "Campus" */ = {
			isa = XCConfigurationList;
			buildConfigurations = (
				E18E64D2253AB6200069B4E7 /* Debug */,
				E18E64D3253AB6200069B4E7 /* Release */,
			);
			defaultConfigurationIsVisible = 0;
			defaultConfigurationName = Release;
		};
		E18E64D4253AB6200069B4E7 /* Build configuration list for PBXNativeTarget "Campus" */ = {
			isa = XCConfigurationList;
			buildConfigurations = (
				E18E64D5253AB6200069B4E7 /* Debug */,
				E18E64D6253AB6200069B4E7 /* Release */,
			);
			defaultConfigurationIsVisible = 0;
			defaultConfigurationName = Release;
		};
/* End XCConfigurationList section */
	};
	rootObject = E18E64B8253AB6200069B4E7 /* Project object */;
}
